
Microsoft Visual Studio Solution File, Format Version 12.00
# Visual Studio Version 16
VisualStudioVersion = 16.0.31702.278
MinimumVisualStudioVersion = 10.0.40219.1
Project("{FAE04EC0-301F-11D3-BF4B-00C04F79EFBC}") = "2.Discriminant", "2.Discriminant\2.Discriminant.csproj", "{FC7EF0FE-408E-41B2-A2A2-4F017F6A179C}"
EndProject
Global
	GlobalSection(SolutionConfigurationPlatforms) = preSolution
		Debug|Any CPU = Debug|Any CPU
		Release|Any CPU = Release|Any CPU
	EndGlobalSection
	GlobalSection(ProjectConfigurationPlatforms) = postSolution
		{FC7EF0FE-408E-41B2-A2A2-4F017F6A179C}.Debug|Any CPU.ActiveCfg = Debug|Any CPU
		{FC7EF0FE-408E-41B2-A2A2-4F017F6A179C}.Debug|Any CPU.Build.0 = Debug|Any CPU
		{FC7EF0FE-408E-41B2-A2A2-4F017F6A179C}.Release|Any CPU.ActiveCfg = Release|Any CPU
		{FC7EF0FE-408E-41B2-A2A2-4F017F6A179C}.Release|Any CPU.Build.0 = Release|Any CPU
	EndGlobalSection
	GlobalSection(SolutionProperties) = preSolution
		HideSolutionNode = FALSE
	EndGlobalSection
	GlobalSection(ExtensibilityGlobals) = postSolution
		SolutionGuid = {FCB87A2F-E57F-4823-9B85-A0A256B1711D}
	EndGlobalSection
EndGlobal
