
Microsoft Visual Studio Solution File, Format Version 12.00
# Visual Studio Version 16
VisualStudioVersion = 16.0.31702.278
MinimumVisualStudioVersion = 10.0.40219.1
Project("{FAE04EC0-301F-11D3-BF4B-00C04F79EFBC}") = "4.Factorial", "4.Factorial\4.Factorial.csproj", "{46328B5B-2EDE-4E5B-B6C9-B1448E3415D8}"
EndProject
Global
	GlobalSection(SolutionConfigurationPlatforms) = preSolution
		Debug|Any CPU = Debug|Any CPU
		Release|Any CPU = Release|Any CPU
	EndGlobalSection
	GlobalSection(ProjectConfigurationPlatforms) = postSolution
		{46328B5B-2EDE-4E5B-B6C9-B1448E3415D8}.Debug|Any CPU.ActiveCfg = Debug|Any CPU
		{46328B5B-2EDE-4E5B-B6C9-B1448E3415D8}.Debug|Any CPU.Build.0 = Debug|Any CPU
		{46328B5B-2EDE-4E5B-B6C9-B1448E3415D8}.Release|Any CPU.ActiveCfg = Release|Any CPU
		{46328B5B-2EDE-4E5B-B6C9-B1448E3415D8}.Release|Any CPU.Build.0 = Release|Any CPU
	EndGlobalSection
	GlobalSection(SolutionProperties) = preSolution
		HideSolutionNode = FALSE
	EndGlobalSection
	GlobalSection(ExtensibilityGlobals) = postSolution
		SolutionGuid = {11486A91-5799-4823-A8F5-87C9D773400B}
	EndGlobalSection
EndGlobal
