
Microsoft Visual Studio Solution File, Format Version 12.00
# Visual Studio Version 16
VisualStudioVersion = 16.0.31702.278
MinimumVisualStudioVersion = 10.0.40219.1
Project("{FAE04EC0-301F-11D3-BF4B-00C04F79EFBC}") = "5. Factorial wo cycles", "5. Factorial wo cycles\5. Factorial wo cycles.csproj", "{D8954774-C4DB-497A-9273-989469C116BC}"
EndProject
Global
	GlobalSection(SolutionConfigurationPlatforms) = preSolution
		Debug|Any CPU = Debug|Any CPU
		Release|Any CPU = Release|Any CPU
	EndGlobalSection
	GlobalSection(ProjectConfigurationPlatforms) = postSolution
		{D8954774-C4DB-497A-9273-989469C116BC}.Debug|Any CPU.ActiveCfg = Debug|Any CPU
		{D8954774-C4DB-497A-9273-989469C116BC}.Debug|Any CPU.Build.0 = Debug|Any CPU
		{D8954774-C4DB-497A-9273-989469C116BC}.Release|Any CPU.ActiveCfg = Release|Any CPU
		{D8954774-C4DB-497A-9273-989469C116BC}.Release|Any CPU.Build.0 = Release|Any CPU
	EndGlobalSection
	GlobalSection(SolutionProperties) = preSolution
		HideSolutionNode = FALSE
	EndGlobalSection
	GlobalSection(ExtensibilityGlobals) = postSolution
		SolutionGuid = {3F868A87-FCAA-46E0-8633-18C01F5D8A8D}
	EndGlobalSection
EndGlobal
