
Microsoft Visual Studio Solution File, Format Version 12.00
# Visual Studio Version 16
VisualStudioVersion = 16.0.31702.278
MinimumVisualStudioVersion = 10.0.40219.1
Project("{FAE04EC0-301F-11D3-BF4B-00C04F79EFBC}") = "BracketsValidation", "BracketsValidation\BracketsValidation.csproj", "{C181B453-DA6C-4F8B-868A-23FECB35AC9E}"
EndProject
Global
	GlobalSection(SolutionConfigurationPlatforms) = preSolution
		Debug|Any CPU = Debug|Any CPU
		Release|Any CPU = Release|Any CPU
	EndGlobalSection
	GlobalSection(ProjectConfigurationPlatforms) = postSolution
		{C181B453-DA6C-4F8B-868A-23FECB35AC9E}.Debug|Any CPU.ActiveCfg = Debug|Any CPU
		{C181B453-DA6C-4F8B-868A-23FECB35AC9E}.Debug|Any CPU.Build.0 = Debug|Any CPU
		{C181B453-DA6C-4F8B-868A-23FECB35AC9E}.Release|Any CPU.ActiveCfg = Release|Any CPU
		{C181B453-DA6C-4F8B-868A-23FECB35AC9E}.Release|Any CPU.Build.0 = Release|Any CPU
	EndGlobalSection
	GlobalSection(SolutionProperties) = preSolution
		HideSolutionNode = FALSE
	EndGlobalSection
	GlobalSection(ExtensibilityGlobals) = postSolution
		SolutionGuid = {2BB1E40F-8697-4D75-B91D-5302B76CF418}
	EndGlobalSection
EndGlobal
